// !$*UTF8*$!
{
	archiveVersion = 1;
	classes = {
	};
	objectVersion = 51;
	objects = {

/* Begin PBXBuildFile section */
		16171462237CEC4500E93B77 /* Assets.xcassets in Resources */ = {isa = PBXBuildFile; fileRef = 16171461237CEC4500E93B77 /* Assets.xcassets */; };
		162989CD2380F26F007F5D56 /* GoogleService-Info.plist in Resources */ = {isa = PBXBuildFile; fileRef = 162989CC2380F26F007F5D56 /* GoogleService-Info.plist */; };
		1631A9812356BDA00077C585 /* RestaurantViewController.swift in Sources */ = {isa = PBXBuildFile; fileRef = 1631A9802356BDA00077C585 /* RestaurantViewController.swift */; };
		1631A983235AC9890077C585 /* DarkMap.json in Resources */ = {isa = PBXBuildFile; fileRef = 1631A982235AC9890077C585 /* DarkMap.json */; };
		1631A985235ACB4C0077C585 /* NightMap.json in Resources */ = {isa = PBXBuildFile; fileRef = 1631A984235ACB4C0077C585 /* NightMap.json */; };
		1631A987235ACE3B0077C585 /* default.json in Resources */ = {isa = PBXBuildFile; fileRef = 1631A986235ACE3B0077C585 /* default.json */; };
		1631A989235ACE690077C585 /* Silver.json in Resources */ = {isa = PBXBuildFile; fileRef = 1631A988235ACE690077C585 /* Silver.json */; };
		1631A98B235D40740077C585 /* Security.swift in Sources */ = {isa = PBXBuildFile; fileRef = 1631A98A235D40740077C585 /* Security.swift */; };
		1640989923480FC700A3B45B /* Restaurant.swift in Sources */ = {isa = PBXBuildFile; fileRef = 1640989823480FC700A3B45B /* Restaurant.swift */; };
		16789FB023611F860029017C /* RestaurantCell.swift in Sources */ = {isa = PBXBuildFile; fileRef = 16789FAF23611F860029017C /* RestaurantCell.swift */; };
		16C8BCCC23811FC500988A49 /* WelcomeViewController.swift in Sources */ = {isa = PBXBuildFile; fileRef = 16C8BCCB23811FC500988A49 /* WelcomeViewController.swift */; };
		16C8BCCE23811FD800988A49 /* LoginViewController.swift in Sources */ = {isa = PBXBuildFile; fileRef = 16C8BCCD23811FD800988A49 /* LoginViewController.swift */; };
		16C8BCD023811FE500988A49 /* SignUpViewController.swift in Sources */ = {isa = PBXBuildFile; fileRef = 16C8BCCF23811FE500988A49 /* SignUpViewController.swift */; };
		16DD6DDB2346F3740087E4E6 /* AppDelegate.swift in Sources */ = {isa = PBXBuildFile; fileRef = 16DD6DDA2346F3740087E4E6 /* AppDelegate.swift */; };
		16DD6DDD2346F3740087E4E6 /* SceneDelegate.swift in Sources */ = {isa = PBXBuildFile; fileRef = 16DD6DDC2346F3740087E4E6 /* SceneDelegate.swift */; };
		16DD6DDF2346F3740087E4E6 /* RestaurantListViewController.swift in Sources */ = {isa = PBXBuildFile; fileRef = 16DD6DDE2346F3740087E4E6 /* RestaurantListViewController.swift */; };
		16DD6DE22346F3740087E4E6 /* Main.storyboard in Resources */ = {isa = PBXBuildFile; fileRef = 16DD6DE02346F3740087E4E6 /* Main.storyboard */; };
		16DD6DE72346F3760087E4E6 /* LaunchScreen.storyboard in Resources */ = {isa = PBXBuildFile; fileRef = 16DD6DE52346F3760087E4E6 /* LaunchScreen.storyboard */; };
		C461495BD2DA4C6B4924C9BB /* Pods_Ramen_Please.framework in Frameworks */ = {isa = PBXBuildFile; fileRef = 42C21EC5E82F91DAAA879933 /* Pods_Ramen_Please.framework */; };
/* End PBXBuildFile section */

/* Begin PBXFileReference section */
		16171461237CEC4500E93B77 /* Assets.xcassets */ = {isa = PBXFileReference; lastKnownFileType = folder.assetcatalog; path = Assets.xcassets; sourceTree = "<group>"; };
		162989CC2380F26F007F5D56 /* GoogleService-Info.plist */ = {isa = PBXFileReference; fileEncoding = 4; lastKnownFileType = text.plist.xml; path = "GoogleService-Info.plist"; sourceTree = "<group>"; };
		1631A9802356BDA00077C585 /* RestaurantViewController.swift */ = {isa = PBXFileReference; lastKnownFileType = sourcecode.swift; path = RestaurantViewController.swift; sourceTree = "<group>"; };
		1631A982235AC9890077C585 /* DarkMap.json */ = {isa = PBXFileReference; fileEncoding = 4; lastKnownFileType = text.json; path = DarkMap.json; sourceTree = "<group>"; };
		1631A984235ACB4C0077C585 /* NightMap.json */ = {isa = PBXFileReference; fileEncoding = 4; lastKnownFileType = text.json; path = NightMap.json; sourceTree = "<group>"; };
		1631A986235ACE3B0077C585 /* default.json */ = {isa = PBXFileReference; fileEncoding = 4; lastKnownFileType = text.json; name = default.json; path = "/Users/lucasrocha/code/RochaLS/projects-swift/Ramen-Please/Ramen-Please/Supporting Files/default.json"; sourceTree = "<absolute>"; };
		1631A988235ACE690077C585 /* Silver.json */ = {isa = PBXFileReference; fileEncoding = 4; lastKnownFileType = text.json; path = Silver.json; sourceTree = "<group>"; };
		1631A98A235D40740077C585 /* Security.swift */ = {isa = PBXFileReference; lastKnownFileType = sourcecode.swift; path = Security.swift; sourceTree = "<group>"; };
		1640989823480FC700A3B45B /* Restaurant.swift */ = {isa = PBXFileReference; lastKnownFileType = sourcecode.swift; path = Restaurant.swift; sourceTree = "<group>"; };
		16789FAF23611F860029017C /* RestaurantCell.swift */ = {isa = PBXFileReference; lastKnownFileType = sourcecode.swift; name = RestaurantCell.swift; path = "Ramen-Please/Controller/RestaurantCell.swift"; sourceTree = SOURCE_ROOT; };
		16C8BCCB23811FC500988A49 /* WelcomeViewController.swift */ = {isa = PBXFileReference; lastKnownFileType = sourcecode.swift; path = WelcomeViewController.swift; sourceTree = "<group>"; };
		16C8BCCD23811FD800988A49 /* LoginViewController.swift */ = {isa = PBXFileReference; lastKnownFileType = sourcecode.swift; path = LoginViewController.swift; sourceTree = "<group>"; };
		16C8BCCF23811FE500988A49 /* SignUpViewController.swift */ = {isa = PBXFileReference; lastKnownFileType = sourcecode.swift; path = SignUpViewController.swift; sourceTree = "<group>"; };
		16DD6DD72346F3740087E4E6 /* RamenPlease.app */ = {isa = PBXFileReference; explicitFileType = wrapper.application; includeInIndex = 0; path = RamenPlease.app; sourceTree = BUILT_PRODUCTS_DIR; };
		16DD6DDA2346F3740087E4E6 /* AppDelegate.swift */ = {isa = PBXFileReference; lastKnownFileType = sourcecode.swift; path = AppDelegate.swift; sourceTree = "<group>"; };
		16DD6DDC2346F3740087E4E6 /* SceneDelegate.swift */ = {isa = PBXFileReference; lastKnownFileType = sourcecode.swift; path = SceneDelegate.swift; sourceTree = "<group>"; };
		16DD6DDE2346F3740087E4E6 /* RestaurantListViewController.swift */ = {isa = PBXFileReference; lastKnownFileType = sourcecode.swift; path = RestaurantListViewController.swift; sourceTree = "<group>"; };
		16DD6DE12346F3740087E4E6 /* Base */ = {isa = PBXFileReference; lastKnownFileType = file.storyboard; name = Base; path = Base.lproj/Main.storyboard; sourceTree = "<group>"; };
		16DD6DE62346F3760087E4E6 /* Base */ = {isa = PBXFileReference; lastKnownFileType = file.storyboard; name = Base; path = Base.lproj/LaunchScreen.storyboard; sourceTree = "<group>"; };
		16DD6DE82346F3760087E4E6 /* Info.plist */ = {isa = PBXFileReference; lastKnownFileType = text.plist.xml; path = Info.plist; sourceTree = "<group>"; };
		2691258E47148CD228B375D0 /* Pods-Ramen-Please.debug.xcconfig */ = {isa = PBXFileReference; includeInIndex = 1; lastKnownFileType = text.xcconfig; name = "Pods-Ramen-Please.debug.xcconfig"; path = "Target Support Files/Pods-Ramen-Please/Pods-Ramen-Please.debug.xcconfig"; sourceTree = "<group>"; };
		42C21EC5E82F91DAAA879933 /* Pods_Ramen_Please.framework */ = {isa = PBXFileReference; explicitFileType = wrapper.framework; includeInIndex = 0; path = Pods_Ramen_Please.framework; sourceTree = BUILT_PRODUCTS_DIR; };
		C9A8F384E61947759F92368B /* Pods-Ramen-Please.release.xcconfig */ = {isa = PBXFileReference; includeInIndex = 1; lastKnownFileType = text.xcconfig; name = "Pods-Ramen-Please.release.xcconfig"; path = "Target Support Files/Pods-Ramen-Please/Pods-Ramen-Please.release.xcconfig"; sourceTree = "<group>"; };
/* End PBXFileReference section */

/* Begin PBXFrameworksBuildPhase section */
		16DD6DD42346F3740087E4E6 /* Frameworks */ = {
			isa = PBXFrameworksBuildPhase;
			buildActionMask = 2147483647;
			files = (
				C461495BD2DA4C6B4924C9BB /* Pods_Ramen_Please.framework in Frameworks */,
			);
			runOnlyForDeploymentPostprocessing = 0;
		};
/* End PBXFrameworksBuildPhase section */

/* Begin PBXGroup section */
		1631A98C235EAA270077C585 /* Model */ = {
			isa = PBXGroup;
			children = (
				1640989823480FC700A3B45B /* Restaurant.swift */,
			);
			path = Model;
			sourceTree = "<group>";
		};
		1631A98D235EAA3A0077C585 /* Controller */ = {
			isa = PBXGroup;
			children = (
				16789FAF23611F860029017C /* RestaurantCell.swift */,
				16DD6DDE2346F3740087E4E6 /* RestaurantListViewController.swift */,
				1631A9802356BDA00077C585 /* RestaurantViewController.swift */,
				16C8BCCB23811FC500988A49 /* WelcomeViewController.swift */,
				16C8BCCD23811FD800988A49 /* LoginViewController.swift */,
				16C8BCCF23811FE500988A49 /* SignUpViewController.swift */,
			);
			path = Controller;
			sourceTree = "<group>";
		};
		1631A98E235EAA650077C585 /* View */ = {
			isa = PBXGroup;
			children = (
				16DD6DE02346F3740087E4E6 /* Main.storyboard */,
				16DD6DE52346F3760087E4E6 /* LaunchScreen.storyboard */,
			);
			path = View;
			sourceTree = "<group>";
		};
		16533AD92352D90E000C5300 /* Supporting Files */ = {
			isa = PBXGroup;
			children = (
				1631A98A235D40740077C585 /* Security.swift */,
				1631A982235AC9890077C585 /* DarkMap.json */,
				1631A984235ACB4C0077C585 /* NightMap.json */,
				1631A986235ACE3B0077C585 /* default.json */,
				1631A988235ACE690077C585 /* Silver.json */,
			);
			path = "Supporting Files";
			sourceTree = "<group>";
		};
		16DD6DCE2346F3740087E4E6 = {
			isa = PBXGroup;
			children = (
				16DD6DD92346F3740087E4E6 /* Ramen-Please */,
				16171461237CEC4500E93B77 /* Assets.xcassets */,
				16DD6DD82346F3740087E4E6 /* Products */,
				1A3E5BF65E55360473203EAF /* Pods */,
				D112F7AFCDAF4E6D2343BAD0 /* Frameworks */,
			);
			sourceTree = "<group>";
		};
		16DD6DD82346F3740087E4E6 /* Products */ = {
			isa = PBXGroup;
			children = (
				16DD6DD72346F3740087E4E6 /* RamenPlease.app */,
			);
			name = Products;
			sourceTree = "<group>";
		};
		16DD6DD92346F3740087E4E6 /* Ramen-Please */ = {
			isa = PBXGroup;
			children = (
				16DD6DDA2346F3740087E4E6 /* AppDelegate.swift */,
				16DD6DDC2346F3740087E4E6 /* SceneDelegate.swift */,
				1631A98C235EAA270077C585 /* Model */,
				1631A98E235EAA650077C585 /* View */,
				1631A98D235EAA3A0077C585 /* Controller */,
				16533AD92352D90E000C5300 /* Supporting Files */,
				16DD6DE82346F3760087E4E6 /* Info.plist */,
				162989CC2380F26F007F5D56 /* GoogleService-Info.plist */,
			);
			path = "Ramen-Please";
			sourceTree = "<group>";
		};
		1A3E5BF65E55360473203EAF /* Pods */ = {
			isa = PBXGroup;
			children = (
				2691258E47148CD228B375D0 /* Pods-Ramen-Please.debug.xcconfig */,
				C9A8F384E61947759F92368B /* Pods-Ramen-Please.release.xcconfig */,
			);
			path = Pods;
			sourceTree = "<group>";
		};
		D112F7AFCDAF4E6D2343BAD0 /* Frameworks */ = {
			isa = PBXGroup;
			children = (
				42C21EC5E82F91DAAA879933 /* Pods_Ramen_Please.framework */,
			);
			name = Frameworks;
			sourceTree = "<group>";
		};
/* End PBXGroup section */

/* Begin PBXNativeTarget section */
		16DD6DD62346F3740087E4E6 /* Ramen-Please */ = {
			isa = PBXNativeTarget;
			buildConfigurationList = 16DD6DEB2346F3760087E4E6 /* Build configuration list for PBXNativeTarget "Ramen-Please" */;
			buildPhases = (
				B8C4AA6C9D6F418447ABEA6F /* [CP] Check Pods Manifest.lock */,
				16DD6DD32346F3740087E4E6 /* Sources */,
				16DD6DD42346F3740087E4E6 /* Frameworks */,
				16DD6DD52346F3740087E4E6 /* Resources */,
				DB96117CC379DE869016F0DE /* [CP] Copy Pods Resources */,
				30CB61F99C541153ED3EA1BC /* [CP] Embed Pods Frameworks */,
			);
			buildRules = (
			);
			dependencies = (
			);
			name = "Ramen-Please";
			productName = "Ramen-Please";
			productReference = 16DD6DD72346F3740087E4E6 /* RamenPlease.app */;
			productType = "com.apple.product-type.application";
		};
/* End PBXNativeTarget section */

/* Begin PBXProject section */
		16DD6DCF2346F3740087E4E6 /* Project object */ = {
			isa = PBXProject;
			attributes = {
				LastSwiftUpdateCheck = 1100;
				LastUpgradeCheck = 1100;
				ORGANIZATIONNAME = "Lucas Rocha";
				TargetAttributes = {
					16DD6DD62346F3740087E4E6 = {
						CreatedOnToolsVersion = 11.0;
					};
				};
			};
			buildConfigurationList = 16DD6DD22346F3740087E4E6 /* Build configuration list for PBXProject "Ramen-Please" */;
			compatibilityVersion = "Xcode 9.3";
			developmentRegion = en;
			hasScannedForEncodings = 0;
			knownRegions = (
				en,
				Base,
			);
			mainGroup = 16DD6DCE2346F3740087E4E6;
			productRefGroup = 16DD6DD82346F3740087E4E6 /* Products */;
			projectDirPath = "";
			projectRoot = "";
			targets = (
				16DD6DD62346F3740087E4E6 /* Ramen-Please */,
			);
		};
/* End PBXProject section */

/* Begin PBXResourcesBuildPhase section */
		16DD6DD52346F3740087E4E6 /* Resources */ = {
			isa = PBXResourcesBuildPhase;
			buildActionMask = 2147483647;
			files = (
				1631A983235AC9890077C585 /* DarkMap.json in Resources */,
				16DD6DE72346F3760087E4E6 /* LaunchScreen.storyboard in Resources */,
				16171462237CEC4500E93B77 /* Assets.xcassets in Resources */,
				1631A989235ACE690077C585 /* Silver.json in Resources */,
				1631A985235ACB4C0077C585 /* NightMap.json in Resources */,
				1631A987235ACE3B0077C585 /* default.json in Resources */,
				16DD6DE22346F3740087E4E6 /* Main.storyboard in Resources */,
				162989CD2380F26F007F5D56 /* GoogleService-Info.plist in Resources */,
			);
			runOnlyForDeploymentPostprocessing = 0;
		};
/* End PBXResourcesBuildPhase section */

/* Begin PBXShellScriptBuildPhase section */
		30CB61F99C541153ED3EA1BC /* [CP] Embed Pods Frameworks */ = {
			isa = PBXShellScriptBuildPhase;
			buildActionMask = 2147483647;
			files = (
			);
			inputFileListPaths = (
				"${PODS_ROOT}/Target Support Files/Pods-Ramen-Please/Pods-Ramen-Please-frameworks-${CONFIGURATION}-input-files.xcfilelist",
			);
			name = "[CP] Embed Pods Frameworks";
			outputFileListPaths = (
				"${PODS_ROOT}/Target Support Files/Pods-Ramen-Please/Pods-Ramen-Please-frameworks-${CONFIGURATION}-output-files.xcfilelist",
			);
			runOnlyForDeploymentPostprocessing = 0;
			shellPath = /bin/sh;
			shellScript = "\"${PODS_ROOT}/Target Support Files/Pods-Ramen-Please/Pods-Ramen-Please-frameworks.sh\"\n";
			showEnvVarsInLog = 0;
		};
		B8C4AA6C9D6F418447ABEA6F /* [CP] Check Pods Manifest.lock */ = {
			isa = PBXShellScriptBuildPhase;
			buildActionMask = 2147483647;
			files = (
			);
			inputFileListPaths = (
			);
			inputPaths = (
				"${PODS_PODFILE_DIR_PATH}/Podfile.lock",
				"${PODS_ROOT}/Manifest.lock",
			);
			name = "[CP] Check Pods Manifest.lock";
			outputFileListPaths = (
			);
			outputPaths = (
				"$(DERIVED_FILE_DIR)/Pods-Ramen-Please-checkManifestLockResult.txt",
			);
			runOnlyForDeploymentPostprocessing = 0;
			shellPath = /bin/sh;
			shellScript = "diff \"${PODS_PODFILE_DIR_PATH}/Podfile.lock\" \"${PODS_ROOT}/Manifest.lock\" > /dev/null\nif [ $? != 0 ] ; then\n    # print error to STDERR\n    echo \"error: The sandbox is not in sync with the Podfile.lock. Run 'pod install' or update your CocoaPods installation.\" >&2\n    exit 1\nfi\n# This output is used by Xcode 'outputs' to avoid re-running this script phase.\necho \"SUCCESS\" > \"${SCRIPT_OUTPUT_FILE_0}\"\n";
			showEnvVarsInLog = 0;
		};
		DB96117CC379DE869016F0DE /* [CP] Copy Pods Resources */ = {
			isa = PBXShellScriptBuildPhase;
			buildActionMask = 2147483647;
			files = (
			);
			inputFileListPaths = (
				"${PODS_ROOT}/Target Support Files/Pods-Ramen-Please/Pods-Ramen-Please-resources-${CONFIGURATION}-input-files.xcfilelist",
			);
			name = "[CP] Copy Pods Resources";
			outputFileListPaths = (
				"${PODS_ROOT}/Target Support Files/Pods-Ramen-Please/Pods-Ramen-Please-resources-${CONFIGURATION}-output-files.xcfilelist",
			);
			runOnlyForDeploymentPostprocessing = 0;
			shellPath = /bin/sh;
			shellScript = "\"${PODS_ROOT}/Target Support Files/Pods-Ramen-Please/Pods-Ramen-Please-resources.sh\"\n";
			showEnvVarsInLog = 0;
		};
/* End PBXShellScriptBuildPhase section */

/* Begin PBXSourcesBuildPhase section */
		16DD6DD32346F3740087E4E6 /* Sources */ = {
			isa = PBXSourcesBuildPhase;
			buildActionMask = 2147483647;
			files = (
				16C8BCCE23811FD800988A49 /* LoginViewController.swift in Sources */,
				1631A98B235D40740077C585 /* Security.swift in Sources */,
				16C8BCCC23811FC500988A49 /* WelcomeViewController.swift in Sources */,
				1640989923480FC700A3B45B /* Restaurant.swift in Sources */,
				16C8BCD023811FE500988A49 /* SignUpViewController.swift in Sources */,
				1631A9812356BDA00077C585 /* RestaurantViewController.swift in Sources */,
				16DD6DDF2346F3740087E4E6 /* RestaurantListViewController.swift in Sources */,
				16DD6DDB2346F3740087E4E6 /* AppDelegate.swift in Sources */,
				16DD6DDD2346F3740087E4E6 /* SceneDelegate.swift in Sources */,
				16789FB023611F860029017C /* RestaurantCell.swift in Sources */,
			);
			runOnlyForDeploymentPostprocessing = 0;
		};
/* End PBXSourcesBuildPhase section */

/* Begin PBXVariantGroup section */
		16DD6DE02346F3740087E4E6 /* Main.storyboard */ = {
			isa = PBXVariantGroup;
			children = (
				16DD6DE12346F3740087E4E6 /* Base */,
			);
			name = Main.storyboard;
			sourceTree = "<group>";
		};
		16DD6DE52346F3760087E4E6 /* LaunchScreen.storyboard */ = {
			isa = PBXVariantGroup;
			children = (
				16DD6DE62346F3760087E4E6 /* Base */,
			);
			name = LaunchScreen.storyboard;
			sourceTree = "<group>";
		};
/* End PBXVariantGroup section */

/* Begin XCBuildConfiguration section */
		16DD6DE92346F3760087E4E6 /* Debug */ = {
			isa = XCBuildConfiguration;
			buildSettings = {
				ALWAYS_SEARCH_USER_PATHS = NO;
				CLANG_ANALYZER_NONNULL = YES;
				CLANG_ANALYZER_NUMBER_OBJECT_CONVERSION = YES_AGGRESSIVE;
				CLANG_CXX_LANGUAGE_STANDARD = "gnu++14";
				CLANG_CXX_LIBRARY = "libc++";
				CLANG_ENABLE_MODULES = YES;
				CLANG_ENABLE_OBJC_ARC = YES;
				CLANG_ENABLE_OBJC_WEAK = YES;
				CLANG_WARN_BLOCK_CAPTURE_AUTORELEASING = YES;
				CLANG_WARN_BOOL_CONVERSION = YES;
				CLANG_WARN_COMMA = YES;
				CLANG_WARN_CONSTANT_CONVERSION = YES;
				CLANG_WARN_DEPRECATED_OBJC_IMPLEMENTATIONS = YES;
				CLANG_WARN_DIRECT_OBJC_ISA_USAGE = YES_ERROR;
				CLANG_WARN_DOCUMENTATION_COMMENTS = YES;
				CLANG_WARN_EMPTY_BODY = YES;
				CLANG_WARN_ENUM_CONVERSION = YES;
				CLANG_WARN_INFINITE_RECURSION = YES;
				CLANG_WARN_INT_CONVERSION = YES;
				CLANG_WARN_NON_LITERAL_NULL_CONVERSION = YES;
				CLANG_WARN_OBJC_IMPLICIT_RETAIN_SELF = YES;
				CLANG_WARN_OBJC_LITERAL_CONVERSION = YES;
				CLANG_WARN_OBJC_ROOT_CLASS = YES_ERROR;
				CLANG_WARN_RANGE_LOOP_ANALYSIS = YES;
				CLANG_WARN_STRICT_PROTOTYPES = YES;
				CLANG_WARN_SUSPICIOUS_MOVE = YES;
				CLANG_WARN_UNGUARDED_AVAILABILITY = YES_AGGRESSIVE;
				CLANG_WARN_UNREACHABLE_CODE = YES;
				CLANG_WARN__DUPLICATE_METHOD_MATCH = YES;
				COPY_PHASE_STRIP = NO;
				DEBUG_INFORMATION_FORMAT = dwarf;
				ENABLE_STRICT_OBJC_MSGSEND = YES;
				ENABLE_TESTABILITY = YES;
				GCC_C_LANGUAGE_STANDARD = gnu11;
				GCC_DYNAMIC_NO_PIC = NO;
				GCC_NO_COMMON_BLOCKS = YES;
				GCC_OPTIMIZATION_LEVEL = 0;
				GCC_PREPROCESSOR_DEFINITIONS = (
					"DEBUG=1",
					"$(inherited)",
				);
				GCC_WARN_64_TO_32_BIT_CONVERSION = YES;
				GCC_WARN_ABOUT_RETURN_TYPE = YES_ERROR;
				GCC_WARN_UNDECLARED_SELECTOR = YES;
				GCC_WARN_UNINITIALIZED_AUTOS = YES_AGGRESSIVE;
				GCC_WARN_UNUSED_FUNCTION = YES;
				GCC_WARN_UNUSED_VARIABLE = YES;
				IPHONEOS_DEPLOYMENT_TARGET = 13.0;
				MTL_ENABLE_DEBUG_INFO = INCLUDE_SOURCE;
				MTL_FAST_MATH = YES;
				ONLY_ACTIVE_ARCH = YES;
				SDKROOT = iphoneos;
				SWIFT_ACTIVE_COMPILATION_CONDITIONS = DEBUG;
				SWIFT_OPTIMIZATION_LEVEL = "-Onone";
			};
			name = Debug;
		};
		16DD6DEA2346F3760087E4E6 /* Release */ = {
			isa = XCBuildConfiguration;
			buildSettings = {
				ALWAYS_SEARCH_USER_PATHS = NO;
				CLANG_ANALYZER_NONNULL = YES;
				CLANG_ANALYZER_NUMBER_OBJECT_CONVERSION = YES_AGGRESSIVE;
				CLANG_CXX_LANGUAGE_STANDARD = "gnu++14";
				CLANG_CXX_LIBRARY = "libc++";
				CLANG_ENABLE_MODULES = YES;
				CLANG_ENABLE_OBJC_ARC = YES;
				CLANG_ENABLE_OBJC_WEAK = YES;
				CLANG_WARN_BLOCK_CAPTURE_AUTORELEASING = YES;
				CLANG_WARN_BOOL_CONVERSION = YES;
				CLANG_WARN_COMMA = YES;
				CLANG_WARN_CONSTANT_CONVERSION = YES;
				CLANG_WARN_DEPRECATED_OBJC_IMPLEMENTATIONS = YES;
				CLANG_WARN_DIRECT_OBJC_ISA_USAGE = YES_ERROR;
				CLANG_WARN_DOCUMENTATION_COMMENTS = YES;
				CLANG_WARN_EMPTY_BODY = YES;
				CLANG_WARN_ENUM_CONVERSION = YES;
				CLANG_WARN_INFINITE_RECURSION = YES;
				CLANG_WARN_INT_CONVERSION = YES;
				CLANG_WARN_NON_LITERAL_NULL_CONVERSION = YES;
				CLANG_WARN_OBJC_IMPLICIT_RETAIN_SELF = YES;
				CLANG_WARN_OBJC_LITERAL_CONVERSION = YES;
				CLANG_WARN_OBJC_ROOT_CLASS = YES_ERROR;
				CLANG_WARN_RANGE_LOOP_ANALYSIS = YES;
				CLANG_WARN_STRICT_PROTOTYPES = YES;
				CLANG_WARN_SUSPICIOUS_MOVE = YES;
				CLANG_WARN_UNGUARDED_AVAILABILITY = YES_AGGRESSIVE;
				CLANG_WARN_UNREACHABLE_CODE = YES;
				CLANG_WARN__DUPLICATE_METHOD_MATCH = YES;
				COPY_PHASE_STRIP = NO;
				DEBUG_INFORMATION_FORMAT = "dwarf-with-dsym";
				ENABLE_NS_ASSERTIONS = NO;
				ENABLE_STRICT_OBJC_MSGSEND = YES;
				GCC_C_LANGUAGE_STANDARD = gnu11;
				GCC_NO_COMMON_BLOCKS = YES;
				GCC_WARN_64_TO_32_BIT_CONVERSION = YES;
				GCC_WARN_ABOUT_RETURN_TYPE = YES_ERROR;
				GCC_WARN_UNDECLARED_SELECTOR = YES;
				GCC_WARN_UNINITIALIZED_AUTOS = YES_AGGRESSIVE;
				GCC_WARN_UNUSED_FUNCTION = YES;
				GCC_WARN_UNUSED_VARIABLE = YES;
				IPHONEOS_DEPLOYMENT_TARGET = 13.0;
				MTL_ENABLE_DEBUG_INFO = NO;
				MTL_FAST_MATH = YES;
				SDKROOT = iphoneos;
				SWIFT_COMPILATION_MODE = wholemodule;
				SWIFT_OPTIMIZATION_LEVEL = "-O";
				VALIDATE_PRODUCT = YES;
			};
			name = Release;
		};
		16DD6DEC2346F3760087E4E6 /* Debug */ = {
			isa = XCBuildConfiguration;
			baseConfigurationReference = 2691258E47148CD228B375D0 /* Pods-Ramen-Please.debug.xcconfig */;
			buildSettings = {
				ASSETCATALOG_COMPILER_APPICON_NAME = AppIcon;
				CODE_SIGN_STYLE = Automatic;
				DEVELOPMENT_TEAM = KJUJ6544SG;
				INFOPLIST_FILE = "Ramen-Please/Info.plist";
				LD_RUNPATH_SEARCH_PATHS = (
					"$(inherited)",
					"@executable_path/Frameworks",
				);
				PRODUCT_BUNDLE_IDENTIFIER = "com.lucasrocha.Ramen-Please";
				PRODUCT_NAME = RamenPlease;
				SWIFT_VERSION = 5.0;
				TARGETED_DEVICE_FAMILY = "1,2";
			};
			name = Debug;
		};
		16DD6DED2346F3760087E4E6 /* Release */ = {
			isa = XCBuildConfiguration;
			baseConfigurationReference = C9A8F384E61947759F92368B /* Pods-Ramen-Please.release.xcconfig */;
			buildSettings = {
				ASSETCATALOG_COMPILER_APPICON_NAME = AppIcon;
				CODE_SIGN_STYLE = Automatic;
				DEVELOPMENT_TEAM = KJUJ6544SG;
				INFOPLIST_FILE = "Ramen-Please/Info.plist";
				LD_RUNPATH_SEARCH_PATHS = (
					"$(inherited)",
					"@executable_path/Frameworks",
				);
				PRODUCT_BUNDLE_IDENTIFIER = "com.lucasrocha.Ramen-Please";
				PRODUCT_NAME = RamenPlease;
				SWIFT_VERSION = 5.0;
				TARGETED_DEVICE_FAMILY = "1,2";
			};
			name = Release;
		};
/* End XCBuildConfiguration section */

/* Begin XCConfigurationList section */
		16DD6DD22346F3740087E4E6 /* Build configuration list for PBXProject "Ramen-Please" */ = {
			isa = XCConfigurationList;
			buildConfigurations = (
				16DD6DE92346F3760087E4E6 /* Debug */,
				16DD6DEA2346F3760087E4E6 /* Release */,
			);
			defaultConfigurationIsVisible = 0;
			defaultConfigurationName = Release;
		};
		16DD6DEB2346F3760087E4E6 /* Build configuration list for PBXNativeTarget "Ramen-Please" */ = {
			isa = XCConfigurationList;
			buildConfigurations = (
				16DD6DEC2346F3760087E4E6 /* Debug */,
				16DD6DED2346F3760087E4E6 /* Release */,
			);
			defaultConfigurationIsVisible = 0;
			defaultConfigurationName = Release;
		};
/* End XCConfigurationList section */
	};
	rootObject = 16DD6DCF2346F3740087E4E6 /* Project object */;
}
